github.com/Netflix/go-env v0.0.0-20210215222557-e437a7e7f9fb h1:w9IDEB7P1VzNcBpOG7kMpFkZp2DkyJIUt0gDx5MBhRU=
github.com/Netflix/go-env v0.0.0-20210215222557-e437a7e7f9fb/go.mod h1:9XMFaCeRyW7fC9XJOWQ+NdAv8VLG7ys7l3x4ozEGLUQ=
github.com/fabioberger/coinbase-go v0.0.0-20160522011833-8328539b18ab h1:odM/npqUscEtKetZu2RU1I9wVkPBh8sV14PiCbsBLMU=
github.com/fabioberger/coinbase-go v0.0.0-20160522011833-8328539b18ab/go.mod h1:xJ+HhsY90LojVt3vnpArzFEcf13xDhHdjnWBhMmhDOA=
github.com/go-telegram-bot-api/telegram-bot-api v4.6.4+incompatible h1:2cauKuaELYAEARXRkq2LrJ0yDDv1rW7+wrTEdVL3uaU=
github.com/go-telegram-bot-api/telegram-bot-api v4.6.4+incompatible/go.mod h1:qf9acutJ8cwBUhm1bqgz6Bei9/C/c93FPDljKWwsOgM=
github.com/technoweenie/multipartstreamer v1.0.1 h1:XRztA5MXiR1TIRHxH2uNxXxaIkKQDeX7m2XsSOlQEnM=
github.com/technoweenie/multipartstreamer v1.0.1/go.mod h1:jNVxdtShOxzAsukZwTSw6MDx5eUJoiEBsSvzDU9uzog=
